
Microsoft Visual Studio Solution File, Format Version 12.00
# Visual Studio Version 16
VisualStudioVersion = 16.0.29215.179
MinimumVisualStudioVersion = 10.0.40219.1
Project("{9A19103F-16F7-4668-BE54-9A1E7A4F7556}") = "Advent-1-2", "Advent-1-2.csproj", "{ABEA460A-0C34-4616-967F-F9990A0D0ED1}"
EndProject
Project("{9A19103F-16F7-4668-BE54-9A1E7A4F7556}") = "IntMachine", "..\..\Day2\IntMachine\IntMachine.csproj", "{A36BE534-8138-4B43-81F2-FBF665358A13}"
EndProject
Project("{9A19103F-16F7-4668-BE54-9A1E7A4F7556}") = "WireTracker", "..\..\Day3\WireTracker\WireTracker.csproj", "{06A49EC1-5726-4691-8C66-3BC6C45EC723}"
EndProject
Project("{9A19103F-16F7-4668-BE54-9A1E7A4F7556}") = "ElvesPassword", "..\..\Day4\ElvesPassword\ElvesPassword.csproj", "{E4F8DAFB-C99B-4C82-9691-F10D089C083A}"
EndProject
Project("{9A19103F-16F7-4668-BE54-9A1E7A4F7556}") = "IntMachineTest", "..\..\Day5\IntMachineTest\IntMachineTest.csproj", "{F320CEDE-3E06-4660-85AE-75AF6F3B4602}"
EndProject
Project("{9A19103F-16F7-4668-BE54-9A1E7A4F7556}") = "Orbiter", "..\..\Day6\Orbiter\Orbiter.csproj", "{3F727560-3DED-47CE-9BD1-09F5AD66E28E}"
EndProject
Project("{9A19103F-16F7-4668-BE54-9A1E7A4F7556}") = "Amplifier", "..\..\Day7\Amplifier\Amplifier.csproj", "{94D35193-C1D4-41ED-8FF6-FF1EC5F2FC51}"
EndProject
Project("{9A19103F-16F7-4668-BE54-9A1E7A4F7556}") = "Day8Password", "..\..\Day8\Day8Password\Day8Password.csproj", "{48432E79-2A45-43E8-9667-1011FD9EA536}"
EndProject
Project("{9A19103F-16F7-4668-BE54-9A1E7A4F7556}") = "Day9_BOOST", "..\..\Day9\Day9_BOOST\Day9_BOOST.csproj", "{097669B2-A0B4-4644-81CC-22E9C0A7C4B6}"
EndProject
Project("{9A19103F-16F7-4668-BE54-9A1E7A4F7556}") = "Day10_LineOfSite", "..\..\Day10\Day10_LineOfSite\Day10_LineOfSite.csproj", "{112A326E-F551-4BF5-AB9C-E9C1FD70C61C}"
EndProject
Project("{9A19103F-16F7-4668-BE54-9A1E7A4F7556}") = "Day11_Paint", "..\..\Day11\Day11_Paint\Day11_Paint.csproj", "{5487D78B-A4C1-44E6-B2AF-CA826827ED2C}"
EndProject
Project("{9A19103F-16F7-4668-BE54-9A1E7A4F7556}") = "IntEngine", "..\..\Engine\IntEngine\IntEngine.csproj", "{39C41116-1AFA-4ADF-BAC0-1272A12D0A4E}"
EndProject
Project("{9A19103F-16F7-4668-BE54-9A1E7A4F7556}") = "Day12_Moons", "..\..\Day12\Day12_Moons\Day12_Moons.csproj", "{17134434-8847-4AD9-B210-F94A384308E3}"
EndProject
Project("{9A19103F-16F7-4668-BE54-9A1E7A4F7556}") = "Day13_Pinball", "..\..\Day13\Day13_Pinball\Day13_Pinball.csproj", "{D6A85F5A-42E6-43FD-8234-39047A6DAB1E}"
EndProject
Project("{9A19103F-16F7-4668-BE54-9A1E7A4F7556}") = "Day14_Fuel", "..\..\Day14\Day14_Fuel\Day14_Fuel.csproj", "{CEF4D1E2-56F6-4A96-BB60-9A518AEFB2D5}"
EndProject
Project("{9A19103F-16F7-4668-BE54-9A1E7A4F7556}") = "Day15_Maze", "..\..\Day15\Day15_Maze\Day15_Maze.csproj", "{1FE9BFDC-E631-453F-97BE-6F9121142D47}"
EndProject
Project("{9A19103F-16F7-4668-BE54-9A1E7A4F7556}") = "Day16_FFT", "..\..\Day16\Day16_FFT\Day16_FFT.csproj", "{59428B46-8451-475F-987C-74C421629FAB}"
EndProject
Project("{9A19103F-16F7-4668-BE54-9A1E7A4F7556}") = "Day17_ASCII", "..\..\Day17\Day17_ASCII\Day17_ASCII.csproj", "{7C188F56-2F5F-457C-834F-FA1F2A725573}"
EndProject
Project("{9A19103F-16F7-4668-BE54-9A1E7A4F7556}") = "Day18_Keys", "..\..\Day18\Day18_Keys\Day18_Keys.csproj", "{45D5A5A0-996F-4FCD-824F-5DE8E797F325}"
EndProject
Project("{9A19103F-16F7-4668-BE54-9A1E7A4F7556}") = "Day19_Beam", "..\..\Day19\Day19_Beam\Day19_Beam.csproj", "{351DDE58-3EAB-43B7-B617-5D500ACA1F3B}"
EndProject
Project("{9A19103F-16F7-4668-BE54-9A1E7A4F7556}") = "Day20_PlutoMaze", "..\..\Day20\Day20_PlutoMaze\Day20_PlutoMaze.csproj", "{4FE87DF5-6155-4FC8-BC1B-D045EA140152}"
EndProject
Project("{9A19103F-16F7-4668-BE54-9A1E7A4F7556}") = "Day21_Hull", "..\..\Day21\Day21_Hull\Day21_Hull.csproj", "{B7A3F483-4589-42A9-94C8-B5D85CBCD09D}"
EndProject
Project("{9A19103F-16F7-4668-BE54-9A1E7A4F7556}") = "Day22_Shuffle", "..\..\Day22\Day22_Shuffle\Day22_Shuffle.csproj", "{3A32EB2B-D1BC-4B09-B3B8-0A2CB0F1A610}"
EndProject
Project("{FAE04EC0-301F-11D3-BF4B-00C04F79EFBC}") = "Day23_NICs", "..\..\Day23\Day23_NICs\Day23_NICs.csproj", "{D967F9BB-F0C2-4856-B26B-9AB52868E608}"
EndProject
Project("{FAE04EC0-301F-11D3-BF4B-00C04F79EFBC}") = "Day24_Bugs", "..\..\Day24\Day24_Bugs\Day24_Bugs.csproj", "{3EA27990-9169-4397-A63D-84E969A92D69}"
EndProject
Project("{FAE04EC0-301F-11D3-BF4B-00C04F79EFBC}") = "Day25_Santa", "..\..\Day25\Day25_Santa\Day25_Santa.csproj", "{13CBDF3E-91F3-413D-A3FA-1BC8F4885734}"
EndProject
Global
	GlobalSection(SolutionConfigurationPlatforms) = preSolution
		Debug|Any CPU = Debug|Any CPU
		Release|Any CPU = Release|Any CPU
	EndGlobalSection
	GlobalSection(ProjectConfigurationPlatforms) = postSolution
		{ABEA460A-0C34-4616-967F-F9990A0D0ED1}.Debug|Any CPU.ActiveCfg = Debug|Any CPU
		{ABEA460A-0C34-4616-967F-F9990A0D0ED1}.Debug|Any CPU.Build.0 = Debug|Any CPU
		{ABEA460A-0C34-4616-967F-F9990A0D0ED1}.Release|Any CPU.ActiveCfg = Release|Any CPU
		{ABEA460A-0C34-4616-967F-F9990A0D0ED1}.Release|Any CPU.Build.0 = Release|Any CPU
		{A36BE534-8138-4B43-81F2-FBF665358A13}.Debug|Any CPU.ActiveCfg = Debug|Any CPU
		{A36BE534-8138-4B43-81F2-FBF665358A13}.Debug|Any CPU.Build.0 = Debug|Any CPU
		{A36BE534-8138-4B43-81F2-FBF665358A13}.Release|Any CPU.ActiveCfg = Release|Any CPU
		{A36BE534-8138-4B43-81F2-FBF665358A13}.Release|Any CPU.Build.0 = Release|Any CPU
		{06A49EC1-5726-4691-8C66-3BC6C45EC723}.Debug|Any CPU.ActiveCfg = Debug|Any CPU
		{06A49EC1-5726-4691-8C66-3BC6C45EC723}.Debug|Any CPU.Build.0 = Debug|Any CPU
		{06A49EC1-5726-4691-8C66-3BC6C45EC723}.Release|Any CPU.ActiveCfg = Release|Any CPU
		{06A49EC1-5726-4691-8C66-3BC6C45EC723}.Release|Any CPU.Build.0 = Release|Any CPU
		{E4F8DAFB-C99B-4C82-9691-F10D089C083A}.Debug|Any CPU.ActiveCfg = Debug|Any CPU
		{E4F8DAFB-C99B-4C82-9691-F10D089C083A}.Debug|Any CPU.Build.0 = Debug|Any CPU
		{E4F8DAFB-C99B-4C82-9691-F10D089C083A}.Release|Any CPU.ActiveCfg = Release|Any CPU
		{E4F8DAFB-C99B-4C82-9691-F10D089C083A}.Release|Any CPU.Build.0 = Release|Any CPU
		{F320CEDE-3E06-4660-85AE-75AF6F3B4602}.Debug|Any CPU.ActiveCfg = Debug|Any CPU
		{F320CEDE-3E06-4660-85AE-75AF6F3B4602}.Debug|Any CPU.Build.0 = Debug|Any CPU
		{F320CEDE-3E06-4660-85AE-75AF6F3B4602}.Release|Any CPU.ActiveCfg = Release|Any CPU
		{F320CEDE-3E06-4660-85AE-75AF6F3B4602}.Release|Any CPU.Build.0 = Release|Any CPU
		{3F727560-3DED-47CE-9BD1-09F5AD66E28E}.Debug|Any CPU.ActiveCfg = Debug|Any CPU
		{3F727560-3DED-47CE-9BD1-09F5AD66E28E}.Debug|Any CPU.Build.0 = Debug|Any CPU
		{3F727560-3DED-47CE-9BD1-09F5AD66E28E}.Release|Any CPU.ActiveCfg = Release|Any CPU
		{3F727560-3DED-47CE-9BD1-09F5AD66E28E}.Release|Any CPU.Build.0 = Release|Any CPU
		{94D35193-C1D4-41ED-8FF6-FF1EC5F2FC51}.Debug|Any CPU.ActiveCfg = Debug|Any CPU
		{94D35193-C1D4-41ED-8FF6-FF1EC5F2FC51}.Debug|Any CPU.Build.0 = Debug|Any CPU
		{94D35193-C1D4-41ED-8FF6-FF1EC5F2FC51}.Release|Any CPU.ActiveCfg = Release|Any CPU
		{94D35193-C1D4-41ED-8FF6-FF1EC5F2FC51}.Release|Any CPU.Build.0 = Release|Any CPU
		{48432E79-2A45-43E8-9667-1011FD9EA536}.Debug|Any CPU.ActiveCfg = Debug|Any CPU
		{48432E79-2A45-43E8-9667-1011FD9EA536}.Debug|Any CPU.Build.0 = Debug|Any CPU
		{48432E79-2A45-43E8-9667-1011FD9EA536}.Release|Any CPU.ActiveCfg = Release|Any CPU
		{48432E79-2A45-43E8-9667-1011FD9EA536}.Release|Any CPU.Build.0 = Release|Any CPU
		{097669B2-A0B4-4644-81CC-22E9C0A7C4B6}.Debug|Any CPU.ActiveCfg = Debug|Any CPU
		{097669B2-A0B4-4644-81CC-22E9C0A7C4B6}.Debug|Any CPU.Build.0 = Debug|Any CPU
		{097669B2-A0B4-4644-81CC-22E9C0A7C4B6}.Release|Any CPU.ActiveCfg = Release|Any CPU
		{097669B2-A0B4-4644-81CC-22E9C0A7C4B6}.Release|Any CPU.Build.0 = Release|Any CPU
		{112A326E-F551-4BF5-AB9C-E9C1FD70C61C}.Debug|Any CPU.ActiveCfg = Debug|Any CPU
		{112A326E-F551-4BF5-AB9C-E9C1FD70C61C}.Debug|Any CPU.Build.0 = Debug|Any CPU
		{112A326E-F551-4BF5-AB9C-E9C1FD70C61C}.Release|Any CPU.ActiveCfg = Release|Any CPU
		{112A326E-F551-4BF5-AB9C-E9C1FD70C61C}.Release|Any CPU.Build.0 = Release|Any CPU
		{5487D78B-A4C1-44E6-B2AF-CA826827ED2C}.Debug|Any CPU.ActiveCfg = Debug|Any CPU
		{5487D78B-A4C1-44E6-B2AF-CA826827ED2C}.Debug|Any CPU.Build.0 = Debug|Any CPU
		{5487D78B-A4C1-44E6-B2AF-CA826827ED2C}.Release|Any CPU.ActiveCfg = Release|Any CPU
		{5487D78B-A4C1-44E6-B2AF-CA826827ED2C}.Release|Any CPU.Build.0 = Release|Any CPU
		{39C41116-1AFA-4ADF-BAC0-1272A12D0A4E}.Debug|Any CPU.ActiveCfg = Debug|Any CPU
		{39C41116-1AFA-4ADF-BAC0-1272A12D0A4E}.Debug|Any CPU.Build.0 = Debug|Any CPU
		{39C41116-1AFA-4ADF-BAC0-1272A12D0A4E}.Release|Any CPU.ActiveCfg = Release|Any CPU
		{39C41116-1AFA-4ADF-BAC0-1272A12D0A4E}.Release|Any CPU.Build.0 = Release|Any CPU
		{17134434-8847-4AD9-B210-F94A384308E3}.Debug|Any CPU.ActiveCfg = Debug|Any CPU
		{17134434-8847-4AD9-B210-F94A384308E3}.Debug|Any CPU.Build.0 = Debug|Any CPU
		{17134434-8847-4AD9-B210-F94A384308E3}.Release|Any CPU.ActiveCfg = Release|Any CPU
		{17134434-8847-4AD9-B210-F94A384308E3}.Release|Any CPU.Build.0 = Release|Any CPU
		{D6A85F5A-42E6-43FD-8234-39047A6DAB1E}.Debug|Any CPU.ActiveCfg = Debug|Any CPU
		{D6A85F5A-42E6-43FD-8234-39047A6DAB1E}.Debug|Any CPU.Build.0 = Debug|Any CPU
		{D6A85F5A-42E6-43FD-8234-39047A6DAB1E}.Release|Any CPU.ActiveCfg = Release|Any CPU
		{D6A85F5A-42E6-43FD-8234-39047A6DAB1E}.Release|Any CPU.Build.0 = Release|Any CPU
		{CEF4D1E2-56F6-4A96-BB60-9A518AEFB2D5}.Debug|Any CPU.ActiveCfg = Debug|Any CPU
		{CEF4D1E2-56F6-4A96-BB60-9A518AEFB2D5}.Debug|Any CPU.Build.0 = Debug|Any CPU
		{CEF4D1E2-56F6-4A96-BB60-9A518AEFB2D5}.Release|Any CPU.ActiveCfg = Release|Any CPU
		{CEF4D1E2-56F6-4A96-BB60-9A518AEFB2D5}.Release|Any CPU.Build.0 = Release|Any CPU
		{1FE9BFDC-E631-453F-97BE-6F9121142D47}.Debug|Any CPU.ActiveCfg = Debug|Any CPU
		{1FE9BFDC-E631-453F-97BE-6F9121142D47}.Debug|Any CPU.Build.0 = Debug|Any CPU
		{1FE9BFDC-E631-453F-97BE-6F9121142D47}.Release|Any CPU.ActiveCfg = Release|Any CPU
		{1FE9BFDC-E631-453F-97BE-6F9121142D47}.Release|Any CPU.Build.0 = Release|Any CPU
		{59428B46-8451-475F-987C-74C421629FAB}.Debug|Any CPU.ActiveCfg = Debug|Any CPU
		{59428B46-8451-475F-987C-74C421629FAB}.Debug|Any CPU.Build.0 = Debug|Any CPU
		{59428B46-8451-475F-987C-74C421629FAB}.Release|Any CPU.ActiveCfg = Release|Any CPU
		{59428B46-8451-475F-987C-74C421629FAB}.Release|Any CPU.Build.0 = Release|Any CPU
		{7C188F56-2F5F-457C-834F-FA1F2A725573}.Debug|Any CPU.ActiveCfg = Debug|Any CPU
		{7C188F56-2F5F-457C-834F-FA1F2A725573}.Debug|Any CPU.Build.0 = Debug|Any CPU
		{7C188F56-2F5F-457C-834F-FA1F2A725573}.Release|Any CPU.ActiveCfg = Release|Any CPU
		{7C188F56-2F5F-457C-834F-FA1F2A725573}.Release|Any CPU.Build.0 = Release|Any CPU
		{45D5A5A0-996F-4FCD-824F-5DE8E797F325}.Debug|Any CPU.ActiveCfg = Debug|Any CPU
		{45D5A5A0-996F-4FCD-824F-5DE8E797F325}.Debug|Any CPU.Build.0 = Debug|Any CPU
		{45D5A5A0-996F-4FCD-824F-5DE8E797F325}.Release|Any CPU.ActiveCfg = Release|Any CPU
		{45D5A5A0-996F-4FCD-824F-5DE8E797F325}.Release|Any CPU.Build.0 = Release|Any CPU
		{351DDE58-3EAB-43B7-B617-5D500ACA1F3B}.Debug|Any CPU.ActiveCfg = Debug|Any CPU
		{351DDE58-3EAB-43B7-B617-5D500ACA1F3B}.Debug|Any CPU.Build.0 = Debug|Any CPU
		{351DDE58-3EAB-43B7-B617-5D500ACA1F3B}.Release|Any CPU.ActiveCfg = Release|Any CPU
		{351DDE58-3EAB-43B7-B617-5D500ACA1F3B}.Release|Any CPU.Build.0 = Release|Any CPU
		{4FE87DF5-6155-4FC8-BC1B-D045EA140152}.Debug|Any CPU.ActiveCfg = Debug|Any CPU
		{4FE87DF5-6155-4FC8-BC1B-D045EA140152}.Debug|Any CPU.Build.0 = Debug|Any CPU
		{4FE87DF5-6155-4FC8-BC1B-D045EA140152}.Release|Any CPU.ActiveCfg = Release|Any CPU
		{4FE87DF5-6155-4FC8-BC1B-D045EA140152}.Release|Any CPU.Build.0 = Release|Any CPU
		{B7A3F483-4589-42A9-94C8-B5D85CBCD09D}.Debug|Any CPU.ActiveCfg = Debug|Any CPU
		{B7A3F483-4589-42A9-94C8-B5D85CBCD09D}.Debug|Any CPU.Build.0 = Debug|Any CPU
		{B7A3F483-4589-42A9-94C8-B5D85CBCD09D}.Release|Any CPU.ActiveCfg = Release|Any CPU
		{B7A3F483-4589-42A9-94C8-B5D85CBCD09D}.Release|Any CPU.Build.0 = Release|Any CPU
		{3A32EB2B-D1BC-4B09-B3B8-0A2CB0F1A610}.Debug|Any CPU.ActiveCfg = Debug|Any CPU
		{3A32EB2B-D1BC-4B09-B3B8-0A2CB0F1A610}.Debug|Any CPU.Build.0 = Debug|Any CPU
		{3A32EB2B-D1BC-4B09-B3B8-0A2CB0F1A610}.Release|Any CPU.ActiveCfg = Release|Any CPU
		{3A32EB2B-D1BC-4B09-B3B8-0A2CB0F1A610}.Release|Any CPU.Build.0 = Release|Any CPU
		{D967F9BB-F0C2-4856-B26B-9AB52868E608}.Debug|Any CPU.ActiveCfg = Debug|Any CPU
		{D967F9BB-F0C2-4856-B26B-9AB52868E608}.Debug|Any CPU.Build.0 = Debug|Any CPU
		{D967F9BB-F0C2-4856-B26B-9AB52868E608}.Release|Any CPU.ActiveCfg = Release|Any CPU
		{D967F9BB-F0C2-4856-B26B-9AB52868E608}.Release|Any CPU.Build.0 = Release|Any CPU
		{3EA27990-9169-4397-A63D-84E969A92D69}.Debug|Any CPU.ActiveCfg = Debug|Any CPU
		{3EA27990-9169-4397-A63D-84E969A92D69}.Debug|Any CPU.Build.0 = Debug|Any CPU
		{3EA27990-9169-4397-A63D-84E969A92D69}.Release|Any CPU.ActiveCfg = Release|Any CPU
		{3EA27990-9169-4397-A63D-84E969A92D69}.Release|Any CPU.Build.0 = Release|Any CPU
		{13CBDF3E-91F3-413D-A3FA-1BC8F4885734}.Debug|Any CPU.ActiveCfg = Debug|Any CPU
		{13CBDF3E-91F3-413D-A3FA-1BC8F4885734}.Debug|Any CPU.Build.0 = Debug|Any CPU
		{13CBDF3E-91F3-413D-A3FA-1BC8F4885734}.Release|Any CPU.ActiveCfg = Release|Any CPU
		{13CBDF3E-91F3-413D-A3FA-1BC8F4885734}.Release|Any CPU.Build.0 = Release|Any CPU
	EndGlobalSection
	GlobalSection(SolutionProperties) = preSolution
		HideSolutionNode = FALSE
	EndGlobalSection
	GlobalSection(ExtensibilityGlobals) = postSolution
		SolutionGuid = {1A27F581-C231-4DCF-A150-D0AFB6FD708E}
	EndGlobalSection
EndGlobal
